Microsoft Visual Studio Solution File, Format Version 12.00
# Visual Studio 2012
Project("{FAE04EC0-301F-11D3-BF4B-00C04F79EFBC}") = "Wood Chopper", "Wood Chopper.csproj", "{3C8EB1D7-3445-437B-AC11-FD9CE136FFF3}"
EndProject
Global
	GlobalSection(SolutionConfigurationPlatforms) = preSolution
	Debug|Any CPU = Debug|Any CPU
	ExportDebug|Any CPU = ExportDebug|Any CPU
	ExportRelease|Any CPU = ExportRelease|Any CPU
	EndGlobalSection
	GlobalSection(ProjectConfigurationPlatforms) = postSolution
		{3C8EB1D7-3445-437B-AC11-FD9CE136FFF3}.Debug|Any CPU.ActiveCfg = Debug|Any CPU
		{3C8EB1D7-3445-437B-AC11-FD9CE136FFF3}.Debug|Any CPU.Build.0 = Debug|Any CPU
		{3C8EB1D7-3445-437B-AC11-FD9CE136FFF3}.ExportDebug|Any CPU.ActiveCfg = ExportDebug|Any CPU
		{3C8EB1D7-3445-437B-AC11-FD9CE136FFF3}.ExportDebug|Any CPU.Build.0 = ExportDebug|Any CPU
		{3C8EB1D7-3445-437B-AC11-FD9CE136FFF3}.ExportRelease|Any CPU.ActiveCfg = ExportRelease|Any CPU
		{3C8EB1D7-3445-437B-AC11-FD9CE136FFF3}.ExportRelease|Any CPU.Build.0 = ExportRelease|Any CPU
	EndGlobalSection
EndGlobal
